
Microsoft Visual Studio Solution File, Format Version 12.00
# Visual Studio Version 17
VisualStudioVersion = 17.9.34723.18
MinimumVisualStudioVersion = 10.0.40219.1
Project("{FAE04EC0-301F-11D3-BF4B-00C04F79EFBC}") = "sber", "sber\sber.csproj", "{3C7936FC-5B5B-4955-BACA-DECF464E6041}"
EndProject
Global
	GlobalSection(SolutionConfigurationPlatforms) = preSolution
		Debug|Any CPU = Debug|Any CPU
		Release|Any CPU = Release|Any CPU
	EndGlobalSection
	GlobalSection(ProjectConfigurationPlatforms) = postSolution
		{3C7936FC-5B5B-4955-BACA-DECF464E6041}.Debug|Any CPU.ActiveCfg = Debug|Any CPU
		{3C7936FC-5B5B-4955-BACA-DECF464E6041}.Debug|Any CPU.Build.0 = Debug|Any CPU
		{3C7936FC-5B5B-4955-BACA-DECF464E6041}.Release|Any CPU.ActiveCfg = Release|Any CPU
		{3C7936FC-5B5B-4955-BACA-DECF464E6041}.Release|Any CPU.Build.0 = Release|Any CPU
	EndGlobalSection
	GlobalSection(SolutionProperties) = preSolution
		HideSolutionNode = FALSE
	EndGlobalSection
	GlobalSection(ExtensibilityGlobals) = postSolution
		SolutionGuid = {81104610-24D5-4812-9B06-297D450F0493}
	EndGlobalSection
EndGlobal
